
Microsoft Visual Studio Solution File, Format Version 12.00
# Visual Studio Version 17
VisualStudioVersion = 17.2.32616.157
MinimumVisualStudioVersion = 10.0.40219.1
Project("{FAE04EC0-301F-11D3-BF4B-00C04F79EFBC}") = "ObserverPattern", "ObserverPattern\ObserverPattern.csproj", "{BAF7DB67-3FF6-4B65-81E8-186389E4CA5E}"
EndProject
Global
	GlobalSection(SolutionConfigurationPlatforms) = preSolution
		Debug|Any CPU = Debug|Any CPU
		Release|Any CPU = Release|Any CPU
	EndGlobalSection
	GlobalSection(ProjectConfigurationPlatforms) = postSolution
		{BAF7DB67-3FF6-4B65-81E8-186389E4CA5E}.Debug|Any CPU.ActiveCfg = Debug|Any CPU
		{BAF7DB67-3FF6-4B65-81E8-186389E4CA5E}.Debug|Any CPU.Build.0 = Debug|Any CPU
		{BAF7DB67-3FF6-4B65-81E8-186389E4CA5E}.Release|Any CPU.ActiveCfg = Release|Any CPU
		{BAF7DB67-3FF6-4B65-81E8-186389E4CA5E}.Release|Any CPU.Build.0 = Release|Any CPU
	EndGlobalSection
	GlobalSection(SolutionProperties) = preSolution
		HideSolutionNode = FALSE
	EndGlobalSection
	GlobalSection(ExtensibilityGlobals) = postSolution
		SolutionGuid = {F0003074-CBF7-4A2D-8EA3-ADA277AA3C6E}
	EndGlobalSection
EndGlobal
